// !$*UTF8*$!
{
	archiveVersion = 1;
	classes = {
	};
	objectVersion = 55;
	objects = {

/* Begin PBXBuildFile section */
		CEB9511729AC933B0035FEC1 /* RESTARTApp.swift in Sources */ = {isa = PBXBuildFile; fileRef = CEB9511629AC933B0035FEC1 /* RESTARTApp.swift */; };
		CEB9511929AC933C0035FEC1 /* ContentView.swift in Sources */ = {isa = PBXBuildFile; fileRef = CEB9511829AC933C0035FEC1 /* ContentView.swift */; };
		CEB9511B29AC93430035FEC1 /* Assets.xcassets in Resources */ = {isa = PBXBuildFile; fileRef = CEB9511A29AC93430035FEC1 /* Assets.xcassets */; };
		CEB9511E29AC93430035FEC1 /* Preview Assets.xcassets in Resources */ = {isa = PBXBuildFile; fileRef = CEB9511D29AC93430035FEC1 /* Preview Assets.xcassets */; };
		CEB9512629AC95ED0035FEC1 /* chimeup.mp3 in Resources */ = {isa = PBXBuildFile; fileRef = CEB9512429AC95ED0035FEC1 /* chimeup.mp3 */; };
		CEB9512729AC95ED0035FEC1 /* success.m4a in Resources */ = {isa = PBXBuildFile; fileRef = CEB9512529AC95ED0035FEC1 /* success.m4a */; };
		CEB9512F29ACD8980035FEC1 /* OnboardingView.swift in Sources */ = {isa = PBXBuildFile; fileRef = CEB9512E29ACD8980035FEC1 /* OnboardingView.swift */; };
		CEB9513129ACD8A90035FEC1 /* HomeView.swift in Sources */ = {isa = PBXBuildFile; fileRef = CEB9513029ACD8A90035FEC1 /* HomeView.swift */; };
		CEB9513329AE3E4C0035FEC1 /* CircleGroupView.swift in Sources */ = {isa = PBXBuildFile; fileRef = CEB9513229AE3E4C0035FEC1 /* CircleGroupView.swift */; };
/* End PBXBuildFile section */

/* Begin PBXFileReference section */
		CEB9511329AC933B0035FEC1 /* RESTART.app */ = {isa = PBXFileReference; explicitFileType = wrapper.application; includeInIndex = 0; path = RESTART.app; sourceTree = BUILT_PRODUCTS_DIR; };
		CEB9511629AC933B0035FEC1 /* RESTARTApp.swift */ = {isa = PBXFileReference; lastKnownFileType = sourcecode.swift; path = RESTARTApp.swift; sourceTree = "<group>"; };
		CEB9511829AC933C0035FEC1 /* ContentView.swift */ = {isa = PBXFileReference; lastKnownFileType = sourcecode.swift; path = ContentView.swift; sourceTree = "<group>"; };
		CEB9511A29AC93430035FEC1 /* Assets.xcassets */ = {isa = PBXFileReference; lastKnownFileType = folder.assetcatalog; path = Assets.xcassets; sourceTree = "<group>"; };
		CEB9511D29AC93430035FEC1 /* Preview Assets.xcassets */ = {isa = PBXFileReference; lastKnownFileType = folder.assetcatalog; path = "Preview Assets.xcassets"; sourceTree = "<group>"; };
		CEB9512429AC95ED0035FEC1 /* chimeup.mp3 */ = {isa = PBXFileReference; lastKnownFileType = audio.mp3; path = chimeup.mp3; sourceTree = "<group>"; };
		CEB9512529AC95ED0035FEC1 /* success.m4a */ = {isa = PBXFileReference; lastKnownFileType = file; path = success.m4a; sourceTree = "<group>"; };
		CEB9512D29ACD80B0035FEC1 /* Info.plist */ = {isa = PBXFileReference; lastKnownFileType = text.plist; path = Info.plist; sourceTree = "<group>"; };
		CEB9512E29ACD8980035FEC1 /* OnboardingView.swift */ = {isa = PBXFileReference; lastKnownFileType = sourcecode.swift; path = OnboardingView.swift; sourceTree = "<group>"; };
		CEB9513029ACD8A90035FEC1 /* HomeView.swift */ = {isa = PBXFileReference; lastKnownFileType = sourcecode.swift; path = HomeView.swift; sourceTree = "<group>"; };
		CEB9513229AE3E4C0035FEC1 /* CircleGroupView.swift */ = {isa = PBXFileReference; lastKnownFileType = sourcecode.swift; path = CircleGroupView.swift; sourceTree = "<group>"; };
/* End PBXFileReference section */

/* Begin PBXFrameworksBuildPhase section */
		CEB9511029AC933B0035FEC1 /* Frameworks */ = {
			isa = PBXFrameworksBuildPhase;
			buildActionMask = 2147483647;
			files = (
			);
			runOnlyForDeploymentPostprocessing = 0;
		};
/* End PBXFrameworksBuildPhase section */

/* Begin PBXGroup section */
		CEB9510A29AC933B0035FEC1 = {
			isa = PBXGroup;
			children = (
				CEB9511529AC933B0035FEC1 /* RESTART */,
				CEB9511429AC933B0035FEC1 /* Products */,
			);
			sourceTree = "<group>";
		};
		CEB9511429AC933B0035FEC1 /* Products */ = {
			isa = PBXGroup;
			children = (
				CEB9511329AC933B0035FEC1 /* RESTART.app */,
			);
			name = Products;
			sourceTree = "<group>";
		};
		CEB9511529AC933B0035FEC1 /* RESTART */ = {
			isa = PBXGroup;
			children = (
				CEB9512D29ACD80B0035FEC1 /* Info.plist */,
				CEB9512B29AC97720035FEC1 /* Views */,
				CEB9512929AC962B0035FEC1 /* Sounds */,
				CEB9511629AC933B0035FEC1 /* RESTARTApp.swift */,
				CEB9512A29AC97590035FEC1 /* Screen */,
				CEB9511A29AC93430035FEC1 /* Assets.xcassets */,
				CEB9511C29AC93430035FEC1 /* Preview Content */,
			);
			path = RESTART;
			sourceTree = "<group>";
		};
		CEB9511C29AC93430035FEC1 /* Preview Content */ = {
			isa = PBXGroup;
			children = (
				CEB9511D29AC93430035FEC1 /* Preview Assets.xcassets */,
			);
			path = "Preview Content";
			sourceTree = "<group>";
		};
		CEB9512929AC962B0035FEC1 /* Sounds */ = {
			isa = PBXGroup;
			children = (
				CEB9512429AC95ED0035FEC1 /* chimeup.mp3 */,
				CEB9512529AC95ED0035FEC1 /* success.m4a */,
			);
			path = Sounds;
			sourceTree = "<group>";
		};
		CEB9512A29AC97590035FEC1 /* Screen */ = {
			isa = PBXGroup;
			children = (
				CEB9511829AC933C0035FEC1 /* ContentView.swift */,
				CEB9512E29ACD8980035FEC1 /* OnboardingView.swift */,
				CEB9513029ACD8A90035FEC1 /* HomeView.swift */,
			);
			path = Screen;
			sourceTree = "<group>";
		};
		CEB9512B29AC97720035FEC1 /* Views */ = {
			isa = PBXGroup;
			children = (
				CEB9512C29AC97810035FEC1 /* Utilities */,
				CEB9513229AE3E4C0035FEC1 /* CircleGroupView.swift */,
			);
			path = Views;
			sourceTree = "<group>";
		};
		CEB9512C29AC97810035FEC1 /* Utilities */ = {
			isa = PBXGroup;
			children = (
			);
			path = Utilities;
			sourceTree = "<group>";
		};
/* End PBXGroup section */

/* Begin PBXNativeTarget section */
		CEB9511229AC933B0035FEC1 /* RESTART */ = {
			isa = PBXNativeTarget;
			buildConfigurationList = CEB9512129AC93430035FEC1 /* Build configuration list for PBXNativeTarget "RESTART" */;
			buildPhases = (
				CEB9510F29AC933B0035FEC1 /* Sources */,
				CEB9511029AC933B0035FEC1 /* Frameworks */,
				CEB9511129AC933B0035FEC1 /* Resources */,
			);
			buildRules = (
			);
			dependencies = (
			);
			name = RESTART;
			productName = RESTART;
			productReference = CEB9511329AC933B0035FEC1 /* RESTART.app */;
			productType = "com.apple.product-type.application";
		};
/* End PBXNativeTarget section */

/* Begin PBXProject section */
		CEB9510B29AC933B0035FEC1 /* Project object */ = {
			isa = PBXProject;
			attributes = {
				BuildIndependentTargetsInParallel = 1;
				LastSwiftUpdateCheck = 1340;
				LastUpgradeCheck = 1340;
				TargetAttributes = {
					CEB9511229AC933B0035FEC1 = {
						CreatedOnToolsVersion = 13.4.1;
					};
				};
			};
			buildConfigurationList = CEB9510E29AC933B0035FEC1 /* Build configuration list for PBXProject "RESTART" */;
			compatibilityVersion = "Xcode 13.0";
			developmentRegion = en;
			hasScannedForEncodings = 0;
			knownRegions = (
				en,
				Base,
			);
			mainGroup = CEB9510A29AC933B0035FEC1;
			productRefGroup = CEB9511429AC933B0035FEC1 /* Products */;
			projectDirPath = "";
			projectRoot = "";
			targets = (
				CEB9511229AC933B0035FEC1 /* RESTART */,
			);
		};
/* End PBXProject section */

/* Begin PBXResourcesBuildPhase section */
		CEB9511129AC933B0035FEC1 /* Resources */ = {
			isa = PBXResourcesBuildPhase;
			buildActionMask = 2147483647;
			files = (
				CEB9512729AC95ED0035FEC1 /* success.m4a in Resources */,
				CEB9512629AC95ED0035FEC1 /* chimeup.mp3 in Resources */,
				CEB9511E29AC93430035FEC1 /* Preview Assets.xcassets in Resources */,
				CEB9511B29AC93430035FEC1 /* Assets.xcassets in Resources */,
			);
			runOnlyForDeploymentPostprocessing = 0;
		};
/* End PBXResourcesBuildPhase section */

/* Begin PBXSourcesBuildPhase section */
		CEB9510F29AC933B0035FEC1 /* Sources */ = {
			isa = PBXSourcesBuildPhase;
			buildActionMask = 2147483647;
			files = (
				CEB9513329AE3E4C0035FEC1 /* CircleGroupView.swift in Sources */,
				CEB9512F29ACD8980035FEC1 /* OnboardingView.swift in Sources */,
				CEB9513129ACD8A90035FEC1 /* HomeView.swift in Sources */,
				CEB9511929AC933C0035FEC1 /* ContentView.swift in Sources */,
				CEB9511729AC933B0035FEC1 /* RESTARTApp.swift in Sources */,
			);
			runOnlyForDeploymentPostprocessing = 0;
		};
/* End PBXSourcesBuildPhase section */

/* Begin XCBuildConfiguration section */
		CEB9511F29AC93430035FEC1 /* Debug */ = {
			isa = XCBuildConfiguration;
			buildSettings = {
				ALWAYS_SEARCH_USER_PATHS = NO;
				CLANG_ANALYZER_NONNULL = YES;
				CLANG_ANALYZER_NUMBER_OBJECT_CONVERSION = YES_AGGRESSIVE;
				CLANG_CXX_LANGUAGE_STANDARD = "gnu++17";
				CLANG_ENABLE_MODULES = YES;
				CLANG_ENABLE_OBJC_ARC = YES;
				CLANG_ENABLE_OBJC_WEAK = YES;
				CLANG_WARN_BLOCK_CAPTURE_AUTORELEASING = YES;
				CLANG_WARN_BOOL_CONVERSION = YES;
				CLANG_WARN_COMMA = YES;
				CLANG_WARN_CONSTANT_CONVERSION = YES;
				CLANG_WARN_DEPRECATED_OBJC_IMPLEMENTATIONS = YES;
				CLANG_WARN_DIRECT_OBJC_ISA_USAGE = YES_ERROR;
				CLANG_WARN_DOCUMENTATION_COMMENTS = YES;
				CLANG_WARN_EMPTY_BODY = YES;
				CLANG_WARN_ENUM_CONVERSION = YES;
				CLANG_WARN_INFINITE_RECURSION = YES;
				CLANG_WARN_INT_CONVERSION = YES;
				CLANG_WARN_NON_LITERAL_NULL_CONVERSION = YES;
				CLANG_WARN_OBJC_IMPLICIT_RETAIN_SELF = YES;
				CLANG_WARN_OBJC_LITERAL_CONVERSION = YES;
				CLANG_WARN_OBJC_ROOT_CLASS = YES_ERROR;
				CLANG_WARN_QUOTED_INCLUDE_IN_FRAMEWORK_HEADER = YES;
				CLANG_WARN_RANGE_LOOP_ANALYSIS = YES;
				CLANG_WARN_STRICT_PROTOTYPES = YES;
				CLANG_WARN_SUSPICIOUS_MOVE = YES;
				CLANG_WARN_UNGUARDED_AVAILABILITY = YES_AGGRESSIVE;
				CLANG_WARN_UNREACHABLE_CODE = YES;
				CLANG_WARN__DUPLICATE_METHOD_MATCH = YES;
				COPY_PHASE_STRIP = NO;
				DEBUG_INFORMATION_FORMAT = dwarf;
				ENABLE_STRICT_OBJC_MSGSEND = YES;
				ENABLE_TESTABILITY = YES;
				GCC_C_LANGUAGE_STANDARD = gnu11;
				GCC_DYNAMIC_NO_PIC = NO;
				GCC_NO_COMMON_BLOCKS = YES;
				GCC_OPTIMIZATION_LEVEL = 0;
				GCC_PREPROCESSOR_DEFINITIONS = (
					"DEBUG=1",
					"$(inherited)",
				);
				GCC_WARN_64_TO_32_BIT_CONVERSION = YES;
				GCC_WARN_ABOUT_RETURN_TYPE = YES_ERROR;
				GCC_WARN_UNDECLARED_SELECTOR = YES;
				GCC_WARN_UNINITIALIZED_AUTOS = YES_AGGRESSIVE;
				GCC_WARN_UNUSED_FUNCTION = YES;
				GCC_WARN_UNUSED_VARIABLE = YES;
				IPHONEOS_DEPLOYMENT_TARGET = 15.5;
				MTL_ENABLE_DEBUG_INFO = INCLUDE_SOURCE;
				MTL_FAST_MATH = YES;
				ONLY_ACTIVE_ARCH = YES;
				SDKROOT = iphoneos;
				SWIFT_ACTIVE_COMPILATION_CONDITIONS = DEBUG;
				SWIFT_OPTIMIZATION_LEVEL = "-Onone";
			};
			name = Debug;
		};
		CEB9512029AC93430035FEC1 /* Release */ = {
			isa = XCBuildConfiguration;
			buildSettings = {
				ALWAYS_SEARCH_USER_PATHS = NO;
				CLANG_ANALYZER_NONNULL = YES;
				CLANG_ANALYZER_NUMBER_OBJECT_CONVERSION = YES_AGGRESSIVE;
				CLANG_CXX_LANGUAGE_STANDARD = "gnu++17";
				CLANG_ENABLE_MODULES = YES;
				CLANG_ENABLE_OBJC_ARC = YES;
				CLANG_ENABLE_OBJC_WEAK = YES;
				CLANG_WARN_BLOCK_CAPTURE_AUTORELEASING = YES;
				CLANG_WARN_BOOL_CONVERSION = YES;
				CLANG_WARN_COMMA = YES;
				CLANG_WARN_CONSTANT_CONVERSION = YES;
				CLANG_WARN_DEPRECATED_OBJC_IMPLEMENTATIONS = YES;
				CLANG_WARN_DIRECT_OBJC_ISA_USAGE = YES_ERROR;
				CLANG_WARN_DOCUMENTATION_COMMENTS = YES;
				CLANG_WARN_EMPTY_BODY = YES;
				CLANG_WARN_ENUM_CONVERSION = YES;
				CLANG_WARN_INFINITE_RECURSION = YES;
				CLANG_WARN_INT_CONVERSION = YES;
				CLANG_WARN_NON_LITERAL_NULL_CONVERSION = YES;
				CLANG_WARN_OBJC_IMPLICIT_RETAIN_SELF = YES;
				CLANG_WARN_OBJC_LITERAL_CONVERSION = YES;
				CLANG_WARN_OBJC_ROOT_CLASS = YES_ERROR;
				CLANG_WARN_QUOTED_INCLUDE_IN_FRAMEWORK_HEADER = YES;
				CLANG_WARN_RANGE_LOOP_ANALYSIS = YES;
				CLANG_WARN_STRICT_PROTOTYPES = YES;
				CLANG_WARN_SUSPICIOUS_MOVE = YES;
				CLANG_WARN_UNGUARDED_AVAILABILITY = YES_AGGRESSIVE;
				CLANG_WARN_UNREACHABLE_CODE = YES;
				CLANG_WARN__DUPLICATE_METHOD_MATCH = YES;
				COPY_PHASE_STRIP = NO;
				DEBUG_INFORMATION_FORMAT = "dwarf-with-dsym";
				ENABLE_NS_ASSERTIONS = NO;
				ENABLE_STRICT_OBJC_MSGSEND = YES;
				GCC_C_LANGUAGE_STANDARD = gnu11;
				GCC_NO_COMMON_BLOCKS = YES;
				GCC_WARN_64_TO_32_BIT_CONVERSION = YES;
				GCC_WARN_ABOUT_RETURN_TYPE = YES_ERROR;
				GCC_WARN_UNDECLARED_SELECTOR = YES;
				GCC_WARN_UNINITIALIZED_AUTOS = YES_AGGRESSIVE;
				GCC_WARN_UNUSED_FUNCTION = YES;
				GCC_WARN_UNUSED_VARIABLE = YES;
				IPHONEOS_DEPLOYMENT_TARGET = 15.5;
				MTL_ENABLE_DEBUG_INFO = NO;
				MTL_FAST_MATH = YES;
				SDKROOT = iphoneos;
				SWIFT_COMPILATION_MODE = wholemodule;
				SWIFT_OPTIMIZATION_LEVEL = "-O";
				VALIDATE_PRODUCT = YES;
			};
			name = Release;
		};
		CEB9512229AC93430035FEC1 /* Debug */ = {
			isa = XCBuildConfiguration;
			buildSettings = {
				ASSETCATALOG_COMPILER_APPICON_NAME = AppIcon;
				ASSETCATALOG_COMPILER_GLOBAL_ACCENT_COLOR_NAME = AccentColor;
				CODE_SIGN_STYLE = Automatic;
				CURRENT_PROJECT_VERSION = 1;
				DEVELOPMENT_ASSET_PATHS = "\"RESTART/Preview Content\"";
				DEVELOPMENT_TEAM = T6LQU8TP96;
				ENABLE_PREVIEWS = YES;
				GENERATE_INFOPLIST_FILE = YES;
				INFOPLIST_FILE = RESTART/Info.plist;
				INFOPLIST_KEY_UIApplicationSceneManifest_Generation = YES;
				INFOPLIST_KEY_UIApplicationSupportsIndirectInputEvents = YES;
				INFOPLIST_KEY_UISupportedInterfaceOrientations = UIInterfaceOrientationPortrait;
				INFOPLIST_KEY_UISupportedInterfaceOrientations_iPad = "UIInterfaceOrientationPortrait UIInterfaceOrientationPortraitUpsideDown UIInterfaceOrientationLandscapeLeft UIInterfaceOrientationLandscapeRight";
				INFOPLIST_KEY_UISupportedInterfaceOrientations_iPhone = UIInterfaceOrientationPortrait;
				LD_RUNPATH_SEARCH_PATHS = (
					"$(inherited)",
					"@executable_path/Frameworks",
				);
				MARKETING_VERSION = 1.0;
				PRODUCT_BUNDLE_IDENTIFIER = "BoleNiar-Technologies.RESTART";
				PRODUCT_NAME = "$(TARGET_NAME)";
				SWIFT_EMIT_LOC_STRINGS = YES;
				SWIFT_VERSION = 5.0;
				TARGETED_DEVICE_FAMILY = "1,2";
			};
			name = Debug;
		};
		CEB9512329AC93430035FEC1 /* Release */ = {
			isa = XCBuildConfiguration;
			buildSettings = {
				ASSETCATALOG_COMPILER_APPICON_NAME = AppIcon;
				ASSETCATALOG_COMPILER_GLOBAL_ACCENT_COLOR_NAME = AccentColor;
				CODE_SIGN_STYLE = Automatic;
				CURRENT_PROJECT_VERSION = 1;
				DEVELOPMENT_ASSET_PATHS = "\"RESTART/Preview Content\"";
				DEVELOPMENT_TEAM = T6LQU8TP96;
				ENABLE_PREVIEWS = YES;
				GENERATE_INFOPLIST_FILE = YES;
				INFOPLIST_FILE = RESTART/Info.plist;
				INFOPLIST_KEY_UIApplicationSceneManifest_Generation = YES;
				INFOPLIST_KEY_UIApplicationSupportsIndirectInputEvents = YES;
				INFOPLIST_KEY_UISupportedInterfaceOrientations = UIInterfaceOrientationPortrait;
				INFOPLIST_KEY_UISupportedInterfaceOrientations_iPad = "UIInterfaceOrientationPortrait UIInterfaceOrientationPortraitUpsideDown UIInterfaceOrientationLandscapeLeft UIInterfaceOrientationLandscapeRight";
				INFOPLIST_KEY_UISupportedInterfaceOrientations_iPhone = UIInterfaceOrientationPortrait;
				LD_RUNPATH_SEARCH_PATHS = (
					"$(inherited)",
					"@executable_path/Frameworks",
				);
				MARKETING_VERSION = 1.0;
				PRODUCT_BUNDLE_IDENTIFIER = "BoleNiar-Technologies.RESTART";
				PRODUCT_NAME = "$(TARGET_NAME)";
				SWIFT_EMIT_LOC_STRINGS = YES;
				SWIFT_VERSION = 5.0;
				TARGETED_DEVICE_FAMILY = "1,2";
			};
			name = Release;
		};
/* End XCBuildConfiguration section */

/* Begin XCConfigurationList section */
		CEB9510E29AC933B0035FEC1 /* Build configuration list for PBXProject "RESTART" */ = {
			isa = XCConfigurationList;
			buildConfigurations = (
				CEB9511F29AC93430035FEC1 /* Debug */,
				CEB9512029AC93430035FEC1 /* Release */,
			);
			defaultConfigurationIsVisible = 0;
			defaultConfigurationName = Release;
		};
		CEB9512129AC93430035FEC1 /* Build configuration list for PBXNativeTarget "RESTART" */ = {
			isa = XCConfigurationList;
			buildConfigurations = (
				CEB9512229AC93430035FEC1 /* Debug */,
				CEB9512329AC93430035FEC1 /* Release */,
			);
			defaultConfigurationIsVisible = 0;
			defaultConfigurationName = Release;
		};
/* End XCConfigurationList section */
	};
	rootObject = CEB9510B29AC933B0035FEC1 /* Project object */;
}
